
Microsoft Visual Studio Solution File, Format Version 12.00
# Visual Studio Version 17
VisualStudioVersion = 17.8.34511.84
MinimumVisualStudioVersion = 10.0.40219.1
Project("{FAE04EC0-301F-11D3-BF4B-00C04F79EFBC}") = "Assignment3", "Assignment3\Assignment3.csproj", "{B5FEABFD-E06E-451E-AC14-3923CA98263E}"
EndProject
Global
	GlobalSection(SolutionConfigurationPlatforms) = preSolution
		Debug|Any CPU = Debug|Any CPU
		Release|Any CPU = Release|Any CPU
	EndGlobalSection
	GlobalSection(ProjectConfigurationPlatforms) = postSolution
		{B5FEABFD-E06E-451E-AC14-3923CA98263E}.Debug|Any CPU.ActiveCfg = Debug|Any CPU
		{B5FEABFD-E06E-451E-AC14-3923CA98263E}.Debug|Any CPU.Build.0 = Debug|Any CPU
		{B5FEABFD-E06E-451E-AC14-3923CA98263E}.Release|Any CPU.ActiveCfg = Release|Any CPU
		{B5FEABFD-E06E-451E-AC14-3923CA98263E}.Release|Any CPU.Build.0 = Release|Any CPU
	EndGlobalSection
	GlobalSection(SolutionProperties) = preSolution
		HideSolutionNode = FALSE
	EndGlobalSection
	GlobalSection(ExtensibilityGlobals) = postSolution
		SolutionGuid = {30F090A0-CC58-4D60-9AEB-53575D26D9DE}
	EndGlobalSection
EndGlobal
